version = 1
revision = 3
requires-python = ">=3.12"
resolution-markers = [
    "python_full_version >= '3.14'",
    "python_full_version == '3.13.*'",
    "python_full_version < '3.13'",
]

[[package]]
name = "annotated-types"
version = "0.7.0"
source = { registry = "https://pypi.org/simple" }
sdist = { url = "https://files.pythonhosted.org/packages/ee/67/531ea369ba64dcff5ec9c3402f9f51bf748cec26dde048a2f973a4eea7f5/annotated_types-0.7.0.tar.gz", hash = "sha256:aff07c09a53a08bc8cfccb9c85b05f1aa9a2a6f23728d790723543408344ce89", size = 16081, upload-time = "2024-05-20T21:33:25.928Z" }
wheels = [
    { url = "https://files.pythonhosted.org/packages/78/b6/6307fbef88d9b5ee7421e68d78a9f162e0da4900bc5f5793f6d3d0e34fb8/annotated_types-0.7.0-py3-none-any.whl", hash = "sha256:1f02e8b43a8fbbc3f3e0d4f0f4bfc8131bcb4eebe8849b8e5c773f3a1c582a53", size = 13643, upload-time = "2024-05-20T21:33:24.1Z" },
]

[[package]]
name = "failing-worker"
version = "0.1.0"
source = { virtual = "." }
dependencies = [
    { name = "pydantic" },
    { name = "tierkreis" },
]

[package.metadata]
requires-dist = [
    { name = "pydantic", specifier = ">=2.10.6" },
    { name = "tierkreis", editable = "../../../" },
]

[[package]]
name = "googleapis-common-protos"
version = "1.75.1"
source = { registry = "https://pypi.org/simple" }
dependencies = [
    { name = "protobuf" },
]
sdist = { url = "https://files.pythonhosted.org/packages/72/73/74bcab964c9a7a61f2bb71e8179b0f13e6fa98f7ce00fd168aab291e4a2e/googleapis_common_protos-1.75.1.tar.gz", hash = "sha256:d3042c6c5a2d4e67113104d6b6818b59b6bd92a197f2a91508e801fe815cf071", size = 150967, upload-time = "2026-08-06T06:24:51.972Z" }
wheels = [
    { url = "https://files.pythonhosted.org/packages/9a/51/186c02b8549b69ccda44429cf6ff5081e4b61a602ddfe6a8020d1be31d1b/googleapis_common_protos-1.75.1-py3-none-any.whl", hash = "sha256:28a1934bcd33b9c9da66ac301a0a4227e3367f095a17d0375cb98f0a09d93b79", size = 300626, upload-time = "2026-08-06T06:23:46.696Z" },
]

[[package]]
name = "graphviz"
version = "0.21"
source = { registry = "https://pypi.org/simple" }
sdist = { url = "https://files.pythonhosted.org/packages/f8/b3/3ac91e9be6b761a4b30d66ff165e54439dcd48b83f4e20d644867215f6ca/graphviz-0.21.tar.gz", hash = "sha256:20743e7183be82aaaa8ad6c93f8893c923bd6658a04c32ee115edb3c8a835f78", size = 200434, upload-time = "2025-06-15T09:35:05.824Z" }
wheels = [
    { url = "https://files.pythonhosted.org/packages/91/4c/e0ce1ef95d4000ebc1c11801f9b944fa5910ecc15b5e351865763d8657f8/graphviz-0.21-py3-none-any.whl", hash = "sha256:54f33de9f4f911d7e84e4191749cac8cc5653f815b06738c54db9a15ab8b1e42", size = 47300, upload-time = "2025-06-15T09:35:04.433Z" },
]

[[package]]
name = "grpcio"
version = "1.83.0"
source = { registry = "https://pypi.org/simple" }
dependencies = [
    { name = "typing-extensions" },
]
sdist = { url = "https://files.pythonhosted.org/packages/0c/98/304898ac4e04e2d5e4e4c2eadc178b1f2a16d5f4bc2f91306c87d64680b9/grpcio-1.83.0.tar.gz", hash = "sha256:7674587248fbbb2ac6e4eecf83a8a0f3d91a928f941de571acfd3a2f007fbc24", size = 13428824, upload-time = "2026-07-23T15:20:37.759Z" }
wheels = [
    { url = "https://files.pythonhosted.org/packages/15/2b/51e32514a4e9b715375c99721aadff0f24164cc2049b8269eda4de82a814/grpcio-1.83.0-cp312-cp312-linux_armv7l.whl", hash = "sha256:28f6c35ac8fcf10e4594f138e468f194360089dde40d126a7033e863fc479930", size = 6303167, upload-time = "2026-07-23T15:19:33.78Z" },
    { url = "https://files.pythonhosted.org/packages/39/33/b5b50fc2c6fbe350e04814047bb2d409feec7b36ef8b170254c050e06bc0/grpcio-1.83.0-cp312-cp312-macosx_11_0_universal2.whl", hash = "sha256:33898e6a28e4ae598f1577cb1c4fec2a15c033d0ec52b9b45a09610dd045b9da", size = 12160538, upload-time = "2026-07-23T15:19:35.958Z" },
    { url = "https://files.pythonhosted.org/packages/7b/5f/734e72e7b9f79bcf0b2c270b8d3bca0e4ebb97a27a50d06240b145f6d41e/grpcio-1.83.0-cp312-cp312-manylinux2014_aarch64.manylinux_2_17_aarch64.whl", hash = "sha256:6fb8a1dd0c6f0f931e69e9d0dc6d1c406ed2a44fa963414eafba07b7fb685d16", size = 6869310, upload-time = "2026-07-23T15:19:38.607Z" },
    { url = "https://files.pythonhosted.org/packages/a4/17/a1735f215b2a5cd43c38b79eac072ad197e61be9829905b6b29550abd0db/grpcio-1.83.0-cp312-cp312-manylinux2014_i686.manylinux_2_17_i686.whl", hash = "sha256:2b5e75c34842cd9c1b95285ca395c6a569664b81e3ffa6b714125922942abaaf", size = 7613472, upload-time = "2026-07-23T15:19:40.645Z" },
    { url = "https://files.pythonhosted.org/packages/b2/78/c9e81f806ac704b6b145cb01628db398985b1f8dfdc10e23b55fb0902b3d/grpcio-1.83.0-cp312-cp312-manylinux2014_x86_64.manylinux_2_17_x86_64.whl", hash = "sha256:aeb339838db07600481ef869507279b75326c75eac6d10f7afa62a0da1d2bcdd", size = 7040616, upload-time = "2026-07-23T15:19:42.349Z" },
    { url = "https://files.pythonhosted.org/packages/9a/ba/94cd5af859876049d340480acbb61a959096c84b567f215534faa78d0424/grpcio-1.83.0-cp312-cp312-musllinux_1_2_aarch64.whl", hash = "sha256:f47d62808b4c0a97b78bff88a6d4ca283a2a492b9a04a87d814af95ca3b9c19c", size = 7570491, upload-time = "2026-07-23T15:19:44.357Z" },
    { url = "https://files.pythonhosted.org/packages/3e/15/108d30d5a5c964312ae8b9cb0e8cc5b3c1cc68d8f757cca52b3565534d26/grpcio-1.83.0-cp312-cp312-musllinux_1_2_i686.whl", hash = "sha256:62003babc444a606dcd1f009cd16391ce23669ae4ad6ec267a873da7937a69f5", size = 8605036, upload-time = "2026-07-23T15:19:46.454Z" },
    { url = "https://files.pythonhosted.org/packages/ea/23/3828ae13c3db8233d123ad612747665817b952d8a954f32390230b582336/grpcio-1.83.0-cp312-cp312-musllinux_1_2_x86_64.whl", hash = "sha256:1aa567f8c3f19850ffd5d2858c9a8ea7c80f0db6c01186b71eb31e923ec984f5", size = 7981587, upload-time = "2026-07-23T15:19:48.913Z" },
    { url = "https://files.pythonhosted.org/packages/17/5b/77af31228f55f55a2a5112bb0077ad0a1c4d23dbb0c2853a62475bbdcc14/grpcio-1.83.0-cp312-cp312-win32.whl", hash = "sha256:cb2906c61db4f9c64cc360054b5df70eeb81846228e9e56a4944bd415a63dadc", size = 4394004, upload-time = "2026-07-23T15:19:50.618Z" },
    { url = "https://files.pythonhosted.org/packages/c0/da/f706e39550e7a3732ce2b9c5926107a93d74a802775b19b642a6df27dc96/grpcio-1.83.0-cp312-cp312-win_amd64.whl", hash = "sha256:1c699bbb20f143c8f2bff219de578aa2dc1f919399d67dc702b038b986ee62df", size = 5158525, upload-time = "2026-07-23T15:19:52.246Z" },
    { url = "https://files.pythonhosted.org/packages/56/eb/135daaa713f32d33b8f99b4153b3f8dc3b2a124996ac15581bf9ebdad3c3/grpcio-1.83.0-cp313-cp313-linux_armv7l.whl", hash = "sha256:6662f3b1e07cc7493d437351860dc867bddc6a93c83ecf33bbfdaf0c217ab2d0", size = 6304480, upload-time = "2026-07-23T15:19:53.962Z" },
    { url = "https://files.pythonhosted.org/packages/8f/a1/121806ce69f23138dabe06aa595b0e5f1ae051a37e4c1954eed7d692c800/grpcio-1.83.0-cp313-cp313-macosx_11_0_universal2.whl", hash = "sha256:74fe6f9e8a35c7dbf32255ee154d15e3e5338a81ed39173d079d594d2e544cd1", size = 12154419, upload-time = "2026-07-23T15:19:56.3Z" },
    { url = "https://files.pythonhosted.org/packages/b0/e8/d0389e09cd6b4c4d3089b92967ae4e3ffd64795bd349bf2f85cd6656d3da/grpcio-1.83.0-cp313-cp313-manylinux2014_aarch64.manylinux_2_17_aarch64.whl", hash = "sha256:10b3fa0475eb572c9a81a6fe37fa16a9c500c0c91cfc148cac15692b7e3c2867", size = 6873200, upload-time = "2026-07-23T15:19:58.701Z" },
    { url = "https://files.pythonhosted.org/packages/f8/51/f464c1d211fa50d5adbabe1b2e519948d99c13757052bfc9ea7afa28e284/grpcio-1.83.0-cp313-cp313-manylinux2014_i686.manylinux_2_17_i686.whl", hash = "sha256:5f20a988480b0f28207f057f7f7ae1313393c3cef0adcfeae8248f9947eaf881", size = 7618811, upload-time = "2026-07-23T15:20:00.733Z" },
    { url = "https://files.pythonhosted.org/packages/e8/c0/539fe0832f2dd6500a28f5263071623fb34e8d4867aec632ccf81bd21156/grpcio-1.83.0-cp313-cp313-manylinux2014_x86_64.manylinux_2_17_x86_64.whl", hash = "sha256:7bd82671b39065ba18cd536e9cd45b27ff649053f81ddd2c6a966d595067080f", size = 7042310, upload-time = "2026-07-23T15:20:02.675Z" },
    { url = "https://files.pythonhosted.org/packages/8c/ca/ccf617d37ffa72567fa8e005ec7090c99da922799be2fb9847c8b21ca18c/grpcio-1.83.0-cp313-cp313-musllinux_1_2_aarch64.whl", hash = "sha256:bc60215b5cb9fc8ca72942c498b551ac2305bd08f6ef8d4e3f0d21b64fbecd61", size = 7575412, upload-time = "2026-07-23T15:20:04.712Z" },
    { url = "https://files.pythonhosted.org/packages/eb/b9/fd8d5245f823a8e0fd35d90e20ea3aa4acd47f8d5318fa8df307df52dec6/grpcio-1.83.0-cp313-cp313-musllinux_1_2_i686.whl", hash = "sha256:f1c3e5689d4b90987b1d72022bcfe866a9a3dc66197484cf856d96b6150e7f45", size = 8604248, upload-time = "2026-07-23T15:20:06.77Z" },
    { url = "https://files.pythonhosted.org/packages/14/1e/f37632fc11db72dfa4bba86c3a43e54358e53030df111ecae5e91a733ad6/grpcio-1.83.0-cp313-cp313-musllinux_1_2_x86_64.whl", hash = "sha256:a21cb4eeeba124443f399be2e8b624943cde864dcbe588cb42e5c483a52a906c", size = 7977458, upload-time = "2026-07-23T15:20:09.109Z" },
    { url = "https://files.pythonhosted.org/packages/93/b6/d70b69ae5c0cfc341b9ba474980e4ed99cbf05c0e4a14e9eee8cb73db0a5/grpcio-1.83.0-cp313-cp313-win32.whl", hash = "sha256:8fe04f1050a59f875601eb55d42b4f66946fe89817f967e34db1462ccd07dadf", size = 4393993, upload-time = "2026-07-23T15:20:11.017Z" },
    { url = "https://files.pythonhosted.org/packages/0f/13/45d4cccb555cf4c476226979bf3d2fd0b0254216f7564c3a053e35117efc/grpcio-1.83.0-cp313-cp313-win_amd64.whl", hash = "sha256:6e01ecd9d8ef280abe1365138a4dc318f9a5287f4cb1b41d07816f796653f735", size = 5159650, upload-time = "2026-07-23T15:20:12.979Z" },
    { url = "https://files.pythonhosted.org/packages/9c/60/f2cca8147ea213d3e43ae9158d03ad04e020fdf32ff027253e1fe93f921d/grpcio-1.83.0-cp314-cp314-linux_armv7l.whl", hash = "sha256:3f351629f6ae16ecc0ec3553e586a6763ffd9f6114044286d0cbec3e09241bfa", size = 6305607, upload-time = "2026-07-23T15:20:15.353Z" },
    { url = "https://files.pythonhosted.org/packages/d0/ab/d3874931d123a95e83a3ebf8aa04537988fb62425cedb8bf3cefc5ad41b2/grpcio-1.83.0-cp314-cp314-macosx_11_0_universal2.whl", hash = "sha256:d05ff664100d429335b93c91b8b34ddf9e94a112205e7fa06dede309e44a4e4c", size = 12166617, upload-time = "2026-07-23T15:20:17.435Z" },
    { url = "https://files.pythonhosted.org/packages/92/ff/6f18f9426b69306f4e00a9add3b0ee2748da8aad53836ef80cab0d62d04f/grpcio-1.83.0-cp314-cp314-manylinux2014_aarch64.manylinux_2_17_aarch64.whl", hash = "sha256:7936f2a56cf04f6514705c0fedf400971de01b6aa1719327e4718f410a765e2b", size = 6880213, upload-time = "2026-07-23T15:20:19.98Z" },
    { url = "https://files.pythonhosted.org/packages/70/21/706d1147c6b93b98f179240c13991fbcc56880eba0c868abb1ad40d8a0a6/grpcio-1.83.0-cp314-cp314-manylinux2014_i686.manylinux_2_17_i686.whl", hash = "sha256:b0a0be840e51b6b7ee9df9269770faf77bdf4b771053c257c21d12bad607714c", size = 7618335, upload-time = "2026-07-23T15:20:22.161Z" },
    { url = "https://files.pythonhosted.org/packages/74/04/1a8443c889115ec9e213a213e86bc93a71ee9088027e5befa09aaa0edd9d/grpcio-1.83.0-cp314-cp314-manylinux2014_x86_64.manylinux_2_17_x86_64.whl", hash = "sha256:009667eaf3dcd5224c713589cdc98e7ca4ed0ff0b61132c6b276e930eb83a2df", size = 7043416, upload-time = "2026-07-23T15:20:24.209Z" },
    { url = "https://files.pythonhosted.org/packages/86/c6/94e0fee5b12bc1da1370185b680988db6f739d19b42d9959db01a7ea50bf/grpcio-1.83.0-cp314-cp314-musllinux_1_2_aarch64.whl", hash = "sha256:bb669918fd88936b15599caff4160a77ab74bdeb25f2231f6e45b61282d6107b", size = 7583253, upload-time = "2026-07-23T15:20:26.313Z" },
    { url = "https://files.pythonhosted.org/packages/a0/97/de1ccb671fb85575bc5192faedf9ecdbdf5b390d2e6584dcf552bcbd370e/grpcio-1.83.0-cp314-cp314-musllinux_1_2_i686.whl", hash = "sha256:c19b454d3d3f28db81f2c7c4dbaee96e7f6fd149721733ffe79d6bc530f17404", size = 8605102, upload-time = "2026-07-23T15:20:28.437Z" },
    { url = "https://files.pythonhosted.org/packages/17/0f/0e0ec749a7034ffcbaa050e39779872950ead90c22e7e0116be3f28b2b46/grpcio-1.83.0-cp314-cp314-musllinux_1_2_x86_64.whl", hash = "sha256:61007cd08640abc5c54547ee32505474c482cd733a53cb87551ea81faa6350af", size = 7979826, upload-time = "2026-07-23T15:20:31.182Z" },
    { url = "https://files.pythonhosted.org/packages/83/fa/c3fda157287f64bc65acee6c5aa90c41acf9e0d3a8e69a265eecff6d00a1/grpcio-1.83.0-cp314-cp314-win32.whl", hash = "sha256:32e11c37f5285b0c6fa3042c05fe06903696689749833fc64e67dec71b9bbe33", size = 4471765, upload-time = "2026-07-23T15:20:33.195Z" },
    { url = "https://files.pythonhosted.org/packages/a1/00/b1b26431c9d54eee11724fd6e5585473a2ed47fbc1fb95e5204906a642ce/grpcio-1.83.0-cp314-cp314-win_amd64.whl", hash = "sha256:2bb48cb5e6dd005ca12b89ce4b6ac0b48ff3112c747542ee7986ef611a8ca6d9", size = 5298932, upload-time = "2026-07-23T15:20:35.48Z" },
]

[[package]]
name = "hugr"
version = "0.16.0"
source = { registry = "https://pypi.org/simple" }
dependencies = [
    { name = "graphviz" },
    { name = "pydantic" },
    { name = "pydantic-extra-types" },
    { name = "semver" },
    { name = "typing-extensions" },
]
sdist = { url = "https://files.pythonhosted.org/packages/ac/29/129d978423d9e74ee42a25a0099bea068b48e66c2d1eb4f7f5faa128fb67/hugr-0.16.0.tar.gz", hash = "sha256:de4827cfe27e9d6ee2a764382825ae7ef8bd3282947f3c59114cc0de5a198124", size = 986110, upload-time = "2026-04-01T13:04:20.063Z" }
wheels = [
    { url = "https://files.pythonhosted.org/packages/31/54/c8593f1e41aedff29cd6fab66a60ffaa68380a8b8fc31841b53d1919f05c/hugr-0.16.0-cp310-abi3-macosx_10_12_x86_64.whl", hash = "sha256:270bb717d28310e297995f7e84335336d4a896b048468ca6d5a56e672e9c83f8", size = 3399386, upload-time = "2026-04-01T13:04:17.615Z" },
    { url = "https://files.pythonhosted.org/packages/9b/0d/e9d90f6895ab0a8e144f5030f2384f85a98af98dd34f616e157863b09ffc/hugr-0.16.0-cp310-abi3-macosx_11_0_arm64.whl", hash = "sha256:759a52fd1a0e2c2a1defbddc88505294cd1ec945d422cb170e7c016c946fbcce", size = 3041962, upload-time = "2026-04-01T13:04:15.073Z" },
    { url = "https://files.pythonhosted.org/packages/cd/41/e3ebf1fed1da84081f4e11bba9ae82a5270856288b5f38d5cbe1578bf226/hugr-0.16.0-cp310-abi3-manylinux_2_17_aarch64.manylinux2014_aarch64.whl", hash = "sha256:d484a7c872fb81bf359e8678def627d2f0fd64516b0e131a789d2198410117e2", size = 3362746, upload-time = "2026-04-01T13:03:43.218Z" },
    { url = "https://files.pythonhosted.org/packages/08/34/05d82ac6f872aa02cbd920927d7c1ce11163e8321fd9e053cd601bfe0d74/hugr-0.16.0-cp310-abi3-manylinux_2_17_armv7l.manylinux2014_armv7l.whl", hash = "sha256:e9693f512909e76abf69072b5504615cd022034ff828f9b7f30f95c51e05af74", size = 3340868, upload-time = "2026-04-01T13:03:45.909Z" },
    { url = "https://files.pythonhosted.org/packages/36/2c/7401bb1edf930576f51e5678ae9a74d11f10c0ef83f42adf06397de2f3e1/hugr-0.16.0-cp310-abi3-manylinux_2_17_ppc64le.manylinux2014_ppc64le.whl", hash = "sha256:d66d2c07adc54065df2a244bcbc67c41c5adb9e682b8d5b3e9946bebb54d791d", size = 3776711, upload-time = "2026-04-01T13:03:48.823Z" },
    { url = "https://files.pythonhosted.org/packages/19/86/748222a7c4c84353f8b5741240ca3c51c9e29d706884296bf44e403010cb/hugr-0.16.0-cp310-abi3-manylinux_2_17_s390x.manylinux2014_s390x.whl", hash = "sha256:e653ad5a93eaf9a9197e8d5126329ac95c4def3d878d10f5a9a9c18cebe788dd", size = 3855897, upload-time = "2026-04-01T13:03:51.508Z" },
    { url = "https://files.pythonhosted.org/packages/81/12/eee150b3c7454ef022f1de4003ed7084af4ddebf3efadc5f6bb060306f73/hugr-0.16.0-cp310-abi3-manylinux_2_28_i686.whl", hash = "sha256:02be6d8080372cae20c9683438e297b5f38ef1a3ab8488b34c614e575e00ee65", size = 3608483, upload-time = "2026-04-01T17:50:43.25Z" },
    { url = "https://files.pythonhosted.org/packages/96/48/6da7d6d35db29f7782b692f9df79f5be6882d62da4067f408cdcae1dac5a/hugr-0.16.0-cp310-abi3-manylinux_2_28_x86_64.whl", hash = "sha256:44b750e5f725a827ac12524bd35199f956267c7ff383039cfcdb419e1ee22e31", size = 3656539, upload-time = "2026-04-01T17:50:47.956Z" },
    { url = "https://files.pythonhosted.org/packages/5c/2e/d81e42a57de81020cb14089fe45f76337f59bc9aca9f1483e4552f3c2bee/hugr-0.16.0-cp310-abi3-musllinux_1_2_aarch64.whl", hash = "sha256:e8a4e6b0f17a5f56c387539cf02fb6eacbc66cbd86b5ce07b09e6a860b254ce5", size = 3569466, upload-time = "2026-04-01T13:04:00.777Z" },
    { url = "https://files.pythonhosted.org/packages/86/0f/23845b23a6aeac0d02a89e06004dbcda286d0500314f68c73c34b07b5c78/hugr-0.16.0-cp310-abi3-musllinux_1_2_armv7l.whl", hash = "sha256:a087257e1d60ce6fc266a3f6d734935554a78b3dddd429698418b4f5eee49e09", size = 3617572, upload-time = "2026-04-01T13:04:03.33Z" },
    { url = "https://files.pythonhosted.org/packages/5b/43/84f8d9399fa77d04f6b4d1ef856b98b8520110f844bf1b65d6c98ac4edc1/hugr-0.16.0-cp310-abi3-musllinux_1_2_i686.whl", hash = "sha256:8f9eaabf8439cbdf7e0d873fc10506d7f8db9673966d3d934fb8a1ec86bbc0a9", size = 3705137, upload-time = "2026-04-01T13:04:06.031Z" },
    { url = "https://files.pythonhosted.org/packages/da/9d/b3d75e12ad0265ea9cbfabb49cc9072e6109596d8777031e9a3d4d016f6d/hugr-0.16.0-cp310-abi3-musllinux_1_2_x86_64.whl", hash = "sha256:9781813e4222fe1498bd8adb3b31e8ce4e92e925bfd097ec24d8354b87f51d2c", size = 3881014, upload-time = "2026-04-01T13:04:08.983Z" },
    { url = "https://files.pythonhosted.org/packages/a4/ca/d71f8374f62831472269927f2adf4b0d14e35d25769940dc05a23e8930e0/hugr-0.16.0-cp310-abi3-win32.whl", hash = "sha256:9649bf4552bbe9cf93eec21a344d50c7a4a8429aa15928e4647778a9bbf92488", size = 2954806, upload-time = "2026-04-01T13:04:13.447Z" },
    { url = "https://files.pythonhosted.org/packages/72/5a/3dbf899aacdf2978a57ccd2a5ee0832f92608b67fecf43440a1a125f0a48/hugr-0.16.0-cp310-abi3-win_amd64.whl", hash = "sha256:c75101ca5b9c846f20502d4cfa88286a2784bd7c0d653d8025040393e3a9e568", size = 3236422, upload-time = "2026-04-01T13:04:11.801Z" },
    { url = "https://files.pythonhosted.org/packages/31/23/98154df19a32bc8807d66d22ffe321f02c23fd814b225f0a5bc53c0671ac/hugr-0.16.0-cp313-cp313t-macosx_10_12_x86_64.whl", hash = "sha256:c5fe2702d5e80e831c39c701b5eae3f277b089b85a92cdd55f53fba61851ecc1", size = 3399228, upload-time = "2026-04-01T13:04:18.798Z" },
    { url = "https://files.pythonhosted.org/packages/a0/73/7030d9185cf52a216f50fd2df829c0cf0ddc78205e2ca09a192f95c9b952/hugr-0.16.0-cp313-cp313t-macosx_11_0_arm64.whl", hash = "sha256:007694eb785cf0ce9eaf32dbcc94375ae8ec5c3da1938141bfa97f28e9afe0d4", size = 3042296, upload-time = "2026-04-01T13:04:16.285Z" },
    { url = "https://files.pythonhosted.org/packages/ba/5c/ecc2637f528b14d0cf6e400978526e89c5dd51c1aa3b25da4f12b5380404/hugr-0.16.0-cp313-cp313t-manylinux_2_17_aarch64.manylinux2014_aarch64.whl", hash = "sha256:2a97b7cebec63bcc83e10747a94aa4a42a7f1b7127d56a12f8c9151014a8265c", size = 3363178, upload-time = "2026-04-01T13:03:44.559Z" },
    { url = "https://files.pythonhosted.org/packages/54/a8/1a76e227117acc914d6c53050b8c29332d2dd5f464f2bea9606550ee163c/hugr-0.16.0-cp313-cp313t-manylinux_2_17_armv7l.manylinux2014_armv7l.whl", hash = "sha256:ebaded1dbc81282fd519f29be7eab2e884f25dc60fb866b88bc4316e0998ea6a", size = 3342289, upload-time = "2026-04-01T13:03:47.576Z" },
    { url = "https://files.pythonhosted.org/packages/f2/83/de3f56e3edef9f2722071d9d48167be764d467733b4a7639d74171df4e6c/hugr-0.16.0-cp313-cp313t-manylinux_2_17_i686.manylinux2014_i686.whl", hash = "sha256:6165273000247817467f0c97582555b96cabf2ddf667c10d9de11272e94531ae", size = 3603558, upload-time = "2026-04-01T13:03:54.839Z" },
    { url = "https://files.pythonhosted.org/packages/b4/16/faa2c8910b12d1fa71697fd5f342e5782a2ce55cbba17a9f62d0d617af17/hugr-0.16.0-cp313-cp313t-manylinux_2_17_ppc64le.manylinux2014_ppc64le.whl", hash = "sha256:5be77f7840f1dde1e6e6f6d472c40f2c2726f4b20430482e76a943dc4270111e", size = 3773176, upload-time = "2026-04-01T13:03:50.302Z" },
    { url = "https://files.pythonhosted.org/packages/c4/48/f62ef65b21ff37bcd7eed15e1cdd777e940a1f2389eab670d1adac0bf062/hugr-0.16.0-cp313-cp313t-manylinux_2_17_s390x.manylinux2014_s390x.whl", hash = "sha256:90c4dd63f0fa07b0fcbd5cf61b78567aa23cb5003092b571a84aae0c27fa5737", size = 3855081, upload-time = "2026-04-01T13:03:52.746Z" },
    { url = "https://files.pythonhosted.org/packages/ec/d9/db53d482143e8388059eba9c9f14a128b3444b37f6fb1435c6eff0447047/hugr-0.16.0-cp313-cp313t-manylinux_2_17_x86_64.manylinux2014_x86_64.whl", hash = "sha256:cdce09aa90f305caccba667251d7fc6fcd2f469a840bd9ea810640f9cc3c3b21", size = 3641209, upload-time = "2026-04-01T13:03:57.805Z" },
    { url = "https://files.pythonhosted.org/packages/d4/72/583c458708bf156c8f69210b4bb04be19a217818e710bfec8c8933d06994/hugr-0.16.0-cp313-cp313t-manylinux_2_28_i686.whl", hash = "sha256:60fe672f0349fbc4be031e36b986e174bc68d9185ad7eeb5c3d67b71f98937be", size = 3606359, upload-time = "2026-04-01T17:50:52.597Z" },
    { url = "https://files.pythonhosted.org/packages/1b/e4/72282c75cb607222e6aedc2fbb42cd61a8fa180d5d5a820e67682258241a/hugr-0.16.0-cp313-cp313t-manylinux_2_28_x86_64.whl", hash = "sha256:a4bdc164c91111db8249d51126867be7ea2e774398cade7fe5432a48b5997279", size = 3650296, upload-time = "2026-04-01T17:50:57.659Z" },
    { url = "https://files.pythonhosted.org/packages/57/30/12db6e42e24f0af8aad11b6aa87fdd731a0dfa53617fc879cb3bc7604f4d/hugr-0.16.0-cp313-cp313t-musllinux_1_2_aarch64.whl", hash = "sha256:c0faea63ade58f6fb051606a778fd06c397ae1cf18a1a7218123853e9ca8a6fe", size = 3569708, upload-time = "2026-04-01T13:04:02.12Z" },
    { url = "https://files.pythonhosted.org/packages/6e/32/106a5b8e618c1f4f9f501d55aae6783fb2afb77419f41a8b8b293ecfbe78/hugr-0.16.0-cp313-cp313t-musllinux_1_2_armv7l.whl", hash = "sha256:dceb496d1e120871c8df7d4e91f30d7ac91d19519690fd45f08c5f57e639e531", size = 3619769, upload-time = "2026-04-01T13:04:04.622Z" },
    { url = "https://files.pythonhosted.org/packages/cc/79/a608e321135e4ac0b84dd593497ee9fcd1098645884263296b42a80f695d/hugr-0.16.0-cp313-cp313t-musllinux_1_2_i686.whl", hash = "sha256:c210a2bc18e65638623bb14b7c308957b7d0b9cdc8b2c8b244bc697a76966729", size = 3702898, upload-time = "2026-04-01T13:04:07.547Z" },
    { url = "https://files.pythonhosted.org/packages/58/15/552629b919fc5d42b23f3c886bd66f33e401657346033860e5f847f5944f/hugr-0.16.0-cp313-cp313t-musllinux_1_2_x86_64.whl", hash = "sha256:7b01e7f99b019cd77013bf4e55e0115862adf42d327c354297667ffd8023d209", size = 3873617, upload-time = "2026-04-01T13:04:10.568Z" },
]

[[package]]
name = "opentelemetry-api"
version = "1.44.0"
source = { registry = "https://pypi.org/simple" }
dependencies = [
    { name = "typing-extensions" },
]
sdist = { url = "https://files.pythonhosted.org/packages/ee/8b/aa9e2d8b8dfa7c946f7dec5d1f8f6ba8eca062f43509a06bdb5ce93d26c0/opentelemetry_api-1.44.0.tar.gz", hash = "sha256:67647e5e9566edcf421166fdf022b3537f818635daa852b289e34604dc6fb33a", size = 72406, upload-time = "2026-07-16T15:25:32.678Z" }
wheels = [
    { url = "https://files.pythonhosted.org/packages/ca/6f/a04e900f465ff3221ccc395522503e2d10e79fa21f2723c8e177aae1e0d1/opentelemetry_api-1.44.0-py3-none-any.whl", hash = "sha256:94b98c893a91b88657eaac1e3ba89618cdb85be6918196705354f34728b2cdef", size = 60018, upload-time = "2026-07-16T15:25:11.657Z" },
]

[[package]]
name = "opentelemetry-exporter-otlp-proto-common"
version = "1.44.0"
source = { registry = "https://pypi.org/simple" }
dependencies = [
    { name = "opentelemetry-proto" },
]
sdist = { url = "https://files.pythonhosted.org/packages/61/09/4d717852c1cf3f854b76c7110a5d00883bc3c99288b9b0dbcbeb9e306eb6/opentelemetry_exporter_otlp_proto_common-1.44.0.tar.gz", hash = "sha256:dc87a5a5bc58f149a56d1547e4691588fa12994cdc3bc039a694ccb3375862ac", size = 20202, upload-time = "2026-07-16T15:25:37.658Z" }
wheels = [
    { url = "https://files.pythonhosted.org/packages/5e/71/65fd9d54c10b860f87c045ccee1264cab7011268895d3528818a29c1172a/opentelemetry_exporter_otlp_proto_common-1.44.0-py3-none-any.whl", hash = "sha256:9a9fe61bba73d802904bc989f1d6b4a7b1ee40f06c40e98d6f85af65aaebb694", size = 17045, upload-time = "2026-07-16T15:25:18.201Z" },
]

[[package]]
name = "opentelemetry-exporter-otlp-proto-grpc"
version = "1.44.0"
source = { registry = "https://pypi.org/simple" }
dependencies = [
    { name = "googleapis-common-protos" },
    { name = "grpcio" },
    { name = "opentelemetry-api" },
    { name = "opentelemetry-exporter-otlp-proto-common" },
    { name = "opentelemetry-proto" },
    { name = "opentelemetry-sdk" },
    { name = "typing-extensions" },
]
sdist = { url = "https://files.pythonhosted.org/packages/1f/47/80d9e9d468dc5de3af5096f5ccdb065fa4dd1470f74495cc53e59e397f47/opentelemetry_exporter_otlp_proto_grpc-1.44.0.tar.gz", hash = "sha256:40d1ae9e03fcc36de3cbac610cc99f35894938bff9cfd90fc4ec68bd85448463", size = 27225, upload-time = "2026-07-16T15:25:38.308Z" }
wheels = [
    { url = "https://files.pythonhosted.org/packages/54/29/6ae42ba32b153ae0a44ae125f0caff2188bbe62d99c82d1768da30864e72/opentelemetry_exporter_otlp_proto_grpc-1.44.0-py3-none-any.whl", hash = "sha256:6a1a645ea182a2f59440c51fa8301d309f3324a8f9d65f8395584b064b67ee4e", size = 19624, upload-time = "2026-07-16T15:25:19.096Z" },
]

[[package]]
name = "opentelemetry-proto"
version = "1.44.0"
source = { registry = "https://pypi.org/simple" }
dependencies = [
    { name = "protobuf" },
]
sdist = { url = "https://files.pythonhosted.org/packages/64/01/40ac4ae9a149263cc52c2cee200ddd80cb6d8db1a4610abf8eabce0fe771/opentelemetry_proto-1.44.0.tar.gz", hash = "sha256:c547a79c2f8c0c515d31509154682e5921c7cfd5ca67b70e1f9266e2c3e103f3", size = 46488, upload-time = "2026-07-16T15:25:45.34Z" }
wheels = [
    { url = "https://files.pythonhosted.org/packages/d1/7c/8be563d68e93bbefa5c8affb82ddcff91b3ad858ce49957ba7b16fd3e0ab/opentelemetry_proto-1.44.0-py3-none-any.whl", hash = "sha256:898b155a0e1557afd867478fb6158e8122a46329ca0bb8dc53cc55e98f017f56", size = 72483, upload-time = "2026-07-16T15:25:28.429Z" },
]

[[package]]
name = "opentelemetry-sdk"
version = "1.44.0"
source = { registry = "https://pypi.org/simple" }
dependencies = [
    { name = "opentelemetry-api" },
    { name = "opentelemetry-semantic-conventions" },
    { name = "typing-extensions" },
]
sdist = { url = "https://files.pythonhosted.org/packages/5d/77/a6592cbc7c8d9bcc9d6757a9df45e04a7c585e3e6e7a13456da522b21109/opentelemetry_sdk-1.44.0.tar.gz", hash = "sha256:cebe7f65dc12f26ead75c6064de12fd2a9052e5060c0272d402cfa203aae123b", size = 208624, upload-time = "2026-07-16T15:25:46.078Z" }
wheels = [
    { url = "https://files.pythonhosted.org/packages/e7/23/ff077e61886ee020a17ce9c8b6fa11c601c8d8345b09ea24f605445df62a/opentelemetry_sdk-1.44.0-py3-none-any.whl", hash = "sha256:df081c4c6bcfdb1211e3e86140376792643128a25f8d72d1d27675936e7e96ad", size = 137221, upload-time = "2026-07-16T15:25:29.534Z" },
]

[[package]]
name = "opentelemetry-semantic-conventions"
version = "0.65b0"
source = { registry = "https://pypi.org/simple" }
dependencies = [
    { name = "opentelemetry-api" },
    { name = "typing-extensions" },
]
sdist = { url = "https://files.pythonhosted.org/packages/8f/73/0cbdebcb4cf545fdd328da14f5137e37d0770c3f26185e478b0d15d94f50/opentelemetry_semantic_conventions-0.65b0.tar.gz", hash = "sha256:f9b2b81e9d5b64f11bc952075e7e9c7fb0aab075c7fd1c46d597f1b919852d60", size = 148774, upload-time = "2026-07-16T15:25:46.902Z" }
wheels = [
    { url = "https://files.pythonhosted.org/packages/a6/0e/49df70d9b81fb5cbae4bbf2a49d865b09bcbcbc4eb53f5851b1027738d78/opentelemetry_semantic_conventions-0.65b0-py3-none-any.whl", hash = "sha256:1cacde7b0ad306f84c5ef08c3dbe1bbaf20165bba6f8bff43b670e555a086bcb", size = 204645, upload-time = "2026-07-16T15:25:30.688Z" },
]

[[package]]
name = "protobuf"
version = "7.35.1"
source = { registry = "https://pypi.org/simple" }
sdist = { url = "https://files.pythonhosted.org/packages/da/01/9ef0afd7999eb9badb3a768b4aedd78c86d4c65cfaf1958ab276199e76b4/protobuf-7.35.1.tar.gz", hash = "sha256:ce115a26fe0c39a2c29973d914d327e516a6455464489fe3cd1e51a1b354f81a", size = 458717, upload-time = "2026-06-11T21:55:40.257Z" }
wheels = [
    { url = "https://files.pythonhosted.org/packages/10/03/8aeeb7458d22546bf64b5250ca1daeb5ff757d900e8e4a7476c6f0db843e/protobuf-7.35.1-cp310-abi3-macosx_10_9_universal2.whl", hash = "sha256:24f857477359a85c0c235261b8ba905fd51b2562f4a64ca1df5473f29850cbf6", size = 433226, upload-time = "2026-06-11T21:55:31.719Z" },
    { url = "https://files.pythonhosted.org/packages/37/4b/dfb89eb0e652a1ff073c39a59fb5e3a83cfe9b57a2c83fa6d78270101767/protobuf-7.35.1-cp310-abi3-manylinux2014_aarch64.whl", hash = "sha256:11d6b0ec246892d85215b0a13ca6e0233cf5284b68f0ac02646427f4ff88a799", size = 328847, upload-time = "2026-06-11T21:55:34.035Z" },
    { url = "https://files.pythonhosted.org/packages/0f/58/dc12f2cd484951524af6e3382c785869b9b3fb5e52ee95ae23add53ee8f9/protobuf-7.35.1-cp310-abi3-manylinux2014_s390x.whl", hash = "sha256:b73f9489a4b8b1c9cb1f8ed951c736392592edb24b9d6819f36d2e10b171d5b4", size = 344030, upload-time = "2026-06-11T21:55:34.941Z" },
    { url = "https://files.pythonhosted.org/packages/e4/be/5b3cfe508bfab6761414ff944e3366eb13be4fd71efcd69450f89ba39f43/protobuf-7.35.1-cp310-abi3-manylinux2014_x86_64.whl", hash = "sha256:74758715c53d7158fb76caf4f0cfdacc5329a4b1bb994f865d6cf302d413a1c4", size = 327130, upload-time = "2026-06-11T21:55:35.921Z" },
    { url = "https://files.pythonhosted.org/packages/d8/bc/6d6c7ba8709c85f8f2c390b2b118d6fb08a783676a572271851bf45a7d22/protobuf-7.35.1-cp310-abi3-win32.whl", hash = "sha256:353652e4efd0bca5b5fc2656abf8307ef351f0cf938c9eba09f0e09c20a25c30", size = 428945, upload-time = "2026-06-11T21:55:37.034Z" },
    { url = "https://files.pythonhosted.org/packages/0a/19/8d0cb6f20a1ef7b18f1c8986ad5783f22f84cce39c6ce9a6e645ea55192e/protobuf-7.35.1-cp310-abi3-win_amd64.whl", hash = "sha256:230a75ddfc2de4806e56696ce9640c1cdfdb6543b7cfce98d42a4c0a0e7bdb87", size = 439996, upload-time = "2026-06-11T21:55:38.123Z" },
    { url = "https://files.pythonhosted.org/packages/19/c7/5f7c636ec43e0c545e28d1f1db71990108306f7bdcb89f069ba97e428e7f/protobuf-7.35.1-py3-none-any.whl", hash = "sha256:4bc97768d8fe4ad6743c8a19403e314511ed9f6d13205b687e52421c023ac1b9", size = 171659, upload-time = "2026-06-11T21:55:39.155Z" },
]

[[package]]
name = "pydantic"
version = "2.11.4"
source = { registry = "https://pypi.org/simple" }
dependencies = [
    { name = "annotated-types" },
    { name = "pydantic-core" },
    { name = "typing-extensions" },
    { name = "typing-inspection" },
]
sdist = { url = "https://files.pythonhosted.org/packages/77/ab/5250d56ad03884ab5efd07f734203943c8a8ab40d551e208af81d0257bf2/pydantic-2.11.4.tar.gz", hash = "sha256:32738d19d63a226a52eed76645a98ee07c1f410ee41d93b4afbfa85ed8111c2d", size = 786540, upload-time = "2025-04-29T20:38:55.02Z" }
wheels = [
    { url = "https://files.pythonhosted.org/packages/e7/12/46b65f3534d099349e38ef6ec98b1a5a81f42536d17e0ba382c28c67ba67/pydantic-2.11.4-py3-none-any.whl", hash = "sha256:d9615eaa9ac5a063471da949c8fc16376a84afb5024688b3ff885693506764eb", size = 443900, upload-time = "2025-04-29T20:38:52.724Z" },
]

[[package]]
name = "pydantic-core"
version = "2.33.2"
source = { registry = "https://pypi.org/simple" }
dependencies = [
    { name = "typing-extensions" },
]
sdist = { url = "https://files.pythonhosted.org/packages/ad/88/5f2260bdfae97aabf98f1778d43f69574390ad787afb646292a638c923d4/pydantic_core-2.33.2.tar.gz", hash = "sha256:7cb8bc3605c29176e1b105350d2e6474142d7c1bd1d9327c4a9bdb46bf827acc", size = 435195, upload-time = "2025-04-23T18:33:52.104Z" }
wheels = [
    { url = "https://files.pythonhosted.org/packages/18/8a/2b41c97f554ec8c71f2a8a5f85cb56a8b0956addfe8b0efb5b3d77e8bdc3/pydantic_core-2.33.2-cp312-cp312-macosx_10_12_x86_64.whl", hash = "sha256:a7ec89dc587667f22b6a0b6579c249fca9026ce7c333fc142ba42411fa243cdc", size = 2009000, upload-time = "2025-04-23T18:31:25.863Z" },
    { url = "https://files.pythonhosted.org/packages/a1/02/6224312aacb3c8ecbaa959897af57181fb6cf3a3d7917fd44d0f2917e6f2/pydantic_core-2.33.2-cp312-cp312-macosx_11_0_arm64.whl", hash = "sha256:3c6db6e52c6d70aa0d00d45cdb9b40f0433b96380071ea80b09277dba021ddf7", size = 1847996, upload-time = "2025-04-23T18:31:27.341Z" },
    { url = "https://files.pythonhosted.org/packages/d6/46/6dcdf084a523dbe0a0be59d054734b86a981726f221f4562aed313dbcb49/pydantic_core-2.33.2-cp312-cp312-manylinux_2_17_aarch64.manylinux2014_aarch64.whl", hash = "sha256:4e61206137cbc65e6d5256e1166f88331d3b6238e082d9f74613b9b765fb9025", size = 1880957, upload-time = "2025-04-23T18:31:28.956Z" },
    { url = "https://files.pythonhosted.org/packages/ec/6b/1ec2c03837ac00886ba8160ce041ce4e325b41d06a034adbef11339ae422/pydantic_core-2.33.2-cp312-cp312-manylinux_2_17_armv7l.manylinux2014_armv7l.whl", hash = "sha256:eb8c529b2819c37140eb51b914153063d27ed88e3bdc31b71198a198e921e011", size = 1964199, upload-time = "2025-04-23T18:31:31.025Z" },
    { url = "https://files.pythonhosted.org/packages/2d/1d/6bf34d6adb9debd9136bd197ca72642203ce9aaaa85cfcbfcf20f9696e83/pydantic_core-2.33.2-cp312-cp312-manylinux_2_17_ppc64le.manylinux2014_ppc64le.whl", hash = "sha256:c52b02ad8b4e2cf14ca7b3d918f3eb0ee91e63b3167c32591e57c4317e134f8f", size = 2120296, upload-time = "2025-04-23T18:31:32.514Z" },
    { url = "https://files.pythonhosted.org/packages/e0/94/2bd0aaf5a591e974b32a9f7123f16637776c304471a0ab33cf263cf5591a/pydantic_core-2.33.2-cp312-cp312-manylinux_2_17_s390x.manylinux2014_s390x.whl", hash = "sha256:96081f1605125ba0855dfda83f6f3df5ec90c61195421ba72223de35ccfb2f88", size = 2676109, upload-time = "2025-04-23T18:31:33.958Z" },
    { url = "https://files.pythonhosted.org/packages/f9/41/4b043778cf9c4285d59742281a769eac371b9e47e35f98ad321349cc5d61/pydantic_core-2.33.2-cp312-cp312-manylinux_2_17_x86_64.manylinux2014_x86_64.whl", hash = "sha256:8f57a69461af2a5fa6e6bbd7a5f60d3b7e6cebb687f55106933188e79ad155c1", size = 2002028, upload-time = "2025-04-23T18:31:39.095Z" },
    { url = "https://files.pythonhosted.org/packages/cb/d5/7bb781bf2748ce3d03af04d5c969fa1308880e1dca35a9bd94e1a96a922e/pydantic_core-2.33.2-cp312-cp312-manylinux_2_5_i686.manylinux1_i686.whl", hash = "sha256:572c7e6c8bb4774d2ac88929e3d1f12bc45714ae5ee6d9a788a9fb35e60bb04b", size = 2100044, upload-time = "2025-04-23T18:31:41.034Z" },
    { url = "https://files.pythonhosted.org/packages/fe/36/def5e53e1eb0ad896785702a5bbfd25eed546cdcf4087ad285021a90ed53/pydantic_core-2.33.2-cp312-cp312-musllinux_1_1_aarch64.whl", hash = "sha256:db4b41f9bd95fbe5acd76d89920336ba96f03e149097365afe1cb092fceb89a1", size = 2058881, upload-time = "2025-04-23T18:31:42.757Z" },
    { url = "https://files.pythonhosted.org/packages/01/6c/57f8d70b2ee57fc3dc8b9610315949837fa8c11d86927b9bb044f8705419/pydantic_core-2.33.2-cp312-cp312-musllinux_1_1_armv7l.whl", hash = "sha256:fa854f5cf7e33842a892e5c73f45327760bc7bc516339fda888c75ae60edaeb6", size = 2227034, upload-time = "2025-04-23T18:31:44.304Z" },
    { url = "https://files.pythonhosted.org/packages/27/b9/9c17f0396a82b3d5cbea4c24d742083422639e7bb1d5bf600e12cb176a13/pydantic_core-2.33.2-cp312-cp312-musllinux_1_1_x86_64.whl", hash = "sha256:5f483cfb75ff703095c59e365360cb73e00185e01aaea067cd19acffd2ab20ea", size = 2234187, upload-time = "2025-04-23T18:31:45.891Z" },
    { url = "https://files.pythonhosted.org/packages/b0/6a/adf5734ffd52bf86d865093ad70b2ce543415e0e356f6cacabbc0d9ad910/pydantic_core-2.33.2-cp312-cp312-win32.whl", hash = "sha256:9cb1da0f5a471435a7bc7e439b8a728e8b61e59784b2af70d7c169f8dd8ae290", size = 1892628, upload-time = "2025-04-23T18:31:47.819Z" },
    { url = "https://files.pythonhosted.org/packages/43/e4/5479fecb3606c1368d496a825d8411e126133c41224c1e7238be58b87d7e/pydantic_core-2.33.2-cp312-cp312-win_amd64.whl", hash = "sha256:f941635f2a3d96b2973e867144fde513665c87f13fe0e193c158ac51bfaaa7b2", size = 1955866, upload-time = "2025-04-23T18:31:49.635Z" },
    { url = "https://files.pythonhosted.org/packages/0d/24/8b11e8b3e2be9dd82df4b11408a67c61bb4dc4f8e11b5b0fc888b38118b5/pydantic_core-2.33.2-cp312-cp312-win_arm64.whl", hash = "sha256:cca3868ddfaccfbc4bfb1d608e2ccaaebe0ae628e1416aeb9c4d88c001bb45ab", size = 1888894, upload-time = "2025-04-23T18:31:51.609Z" },
    { url = "https://files.pythonhosted.org/packages/46/8c/99040727b41f56616573a28771b1bfa08a3d3fe74d3d513f01251f79f172/pydantic_core-2.33.2-cp313-cp313-macosx_10_12_x86_64.whl", hash = "sha256:1082dd3e2d7109ad8b7da48e1d4710c8d06c253cbc4a27c1cff4fbcaa97a9e3f", size = 2015688, upload-time = "2025-04-23T18:31:53.175Z" },
    { url = "https://files.pythonhosted.org/packages/3a/cc/5999d1eb705a6cefc31f0b4a90e9f7fc400539b1a1030529700cc1b51838/pydantic_core-2.33.2-cp313-cp313-macosx_11_0_arm64.whl", hash = "sha256:f517ca031dfc037a9c07e748cefd8d96235088b83b4f4ba8939105d20fa1dcd6", size = 1844808, upload-time = "2025-04-23T18:31:54.79Z" },
    { url = "https://files.pythonhosted.org/packages/6f/5e/a0a7b8885c98889a18b6e376f344da1ef323d270b44edf8174d6bce4d622/pydantic_core-2.33.2-cp313-cp313-manylinux_2_17_aarch64.manylinux2014_aarch64.whl", hash = "sha256:0a9f2c9dd19656823cb8250b0724ee9c60a82f3cdf68a080979d13092a3b0fef", size = 1885580, upload-time = "2025-04-23T18:31:57.393Z" },
    { url = "https://files.pythonhosted.org/packages/3b/2a/953581f343c7d11a304581156618c3f592435523dd9d79865903272c256a/pydantic_core-2.33.2-cp313-cp313-manylinux_2_17_armv7l.manylinux2014_armv7l.whl", hash = "sha256:2b0a451c263b01acebe51895bfb0e1cc842a5c666efe06cdf13846c7418caa9a", size = 1973859, upload-time = "2025-04-23T18:31:59.065Z" },
    { url = "https://files.pythonhosted.org/packages/e6/55/f1a813904771c03a3f97f676c62cca0c0a4138654107c1b61f19c644868b/pydantic_core-2.33.2-cp313-cp313-manylinux_2_17_ppc64le.manylinux2014_ppc64le.whl", hash = "sha256:1ea40a64d23faa25e62a70ad163571c0b342b8bf66d5fa612ac0dec4f069d916", size = 2120810, upload-time = "2025-04-23T18:32:00.78Z" },
    { url = "https://files.pythonhosted.org/packages/aa/c3/053389835a996e18853ba107a63caae0b9deb4a276c6b472931ea9ae6e48/pydantic_core-2.33.2-cp313-cp313-manylinux_2_17_s390x.manylinux2014_s390x.whl", hash = "sha256:0fb2d542b4d66f9470e8065c5469ec676978d625a8b7a363f07d9a501a9cb36a", size = 2676498, upload-time = "2025-04-23T18:32:02.418Z" },
    { url = "https://files.pythonhosted.org/packages/eb/3c/f4abd740877a35abade05e437245b192f9d0ffb48bbbbd708df33d3cda37/pydantic_core-2.33.2-cp313-cp313-manylinux_2_17_x86_64.manylinux2014_x86_64.whl", hash = "sha256:9fdac5d6ffa1b5a83bca06ffe7583f5576555e6c8b3a91fbd25ea7780f825f7d", size = 2000611, upload-time = "2025-04-23T18:32:04.152Z" },
    { url = "https://files.pythonhosted.org/packages/59/a7/63ef2fed1837d1121a894d0ce88439fe3e3b3e48c7543b2a4479eb99c2bd/pydantic_core-2.33.2-cp313-cp313-manylinux_2_5_i686.manylinux1_i686.whl", hash = "sha256:04a1a413977ab517154eebb2d326da71638271477d6ad87a769102f7c2488c56", size = 2107924, upload-time = "2025-04-23T18:32:06.129Z" },
    { url = "https://files.pythonhosted.org/packages/04/8f/2551964ef045669801675f1cfc3b0d74147f4901c3ffa42be2ddb1f0efc4/pydantic_core-2.33.2-cp313-cp313-musllinux_1_1_aarch64.whl", hash = "sha256:c8e7af2f4e0194c22b5b37205bfb293d166a7344a5b0d0eaccebc376546d77d5", size = 2063196, upload-time = "2025-04-23T18:32:08.178Z" },
    { url = "https://files.pythonhosted.org/packages/26/bd/d9602777e77fc6dbb0c7db9ad356e9a985825547dce5ad1d30ee04903918/pydantic_core-2.33.2-cp313-cp313-musllinux_1_1_armv7l.whl", hash = "sha256:5c92edd15cd58b3c2d34873597a1e20f13094f59cf88068adb18947df5455b4e", size = 2236389, upload-time = "2025-04-23T18:32:10.242Z" },
    { url = "https://files.pythonhosted.org/packages/42/db/0e950daa7e2230423ab342ae918a794964b053bec24ba8af013fc7c94846/pydantic_core-2.33.2-cp313-cp313-musllinux_1_1_x86_64.whl", hash = "sha256:65132b7b4a1c0beded5e057324b7e16e10910c106d43675d9bd87d4f38dde162", size = 2239223, upload-time = "2025-04-23T18:32:12.382Z" },
    { url = "https://files.pythonhosted.org/packages/58/4d/4f937099c545a8a17eb52cb67fe0447fd9a373b348ccfa9a87f141eeb00f/pydantic_core-2.33.2-cp313-cp313-win32.whl", hash = "sha256:52fb90784e0a242bb96ec53f42196a17278855b0f31ac7c3cc6f5c1ec4811849", size = 1900473, upload-time = "2025-04-23T18:32:14.034Z" },
    { url = "https://files.pythonhosted.org/packages/a0/75/4a0a9bac998d78d889def5e4ef2b065acba8cae8c93696906c3a91f310ca/pydantic_core-2.33.2-cp313-cp313-win_amd64.whl", hash = "sha256:c083a3bdd5a93dfe480f1125926afcdbf2917ae714bdb80b36d34318b2bec5d9", size = 1955269, upload-time = "2025-04-23T18:32:15.783Z" },
    { url = "https://files.pythonhosted.org/packages/f9/86/1beda0576969592f1497b4ce8e7bc8cbdf614c352426271b1b10d5f0aa64/pydantic_core-2.33.2-cp313-cp313-win_arm64.whl", hash = "sha256:e80b087132752f6b3d714f041ccf74403799d3b23a72722ea2e6ba2e892555b9", size = 1893921, upload-time = "2025-04-23T18:32:18.473Z" },
    { url = "https://files.pythonhosted.org/packages/a4/7d/e09391c2eebeab681df2b74bfe6c43422fffede8dc74187b2b0bf6fd7571/pydantic_core-2.33.2-cp313-cp313t-macosx_11_0_arm64.whl", hash = "sha256:61c18fba8e5e9db3ab908620af374db0ac1baa69f0f32df4f61ae23f15e586ac", size = 1806162, upload-time = "2025-04-23T18:32:20.188Z" },
    { url = "https://files.pythonhosted.org/packages/f1/3d/847b6b1fed9f8ed3bb95a9ad04fbd0b212e832d4f0f50ff4d9ee5a9f15cf/pydantic_core-2.33.2-cp313-cp313t-manylinux_2_17_x86_64.manylinux2014_x86_64.whl", hash = "sha256:95237e53bb015f67b63c91af7518a62a8660376a6a0db19b89acc77a4d6199f5", size = 1981560, upload-time = "2025-04-23T18:32:22.354Z" },
    { url = "https://files.pythonhosted.org/packages/6f/9a/e73262f6c6656262b5fdd723ad90f518f579b7bc8622e43a942eec53c938/pydantic_core-2.33.2-cp313-cp313t-win_amd64.whl", hash = "sha256:c2fc0a768ef76c15ab9238afa6da7f69895bb5d1ee83aeea2e3509af4472d0b9", size = 1935777, upload-time = "2025-04-23T18:32:25.088Z" },
]

[[package]]
name = "pydantic-extra-types"
version = "2.11.1"
source = { registry = "https://pypi.org/simple" }
dependencies = [
    { name = "pydantic" },
    { name = "typing-extensions" },
]
sdist = { url = "https://files.pythonhosted.org/packages/66/71/dba38ee2651f84f7842206adbd2233d8bbdb59fb85e9fa14232486a8c471/pydantic_extra_types-2.11.1.tar.gz", hash = "sha256:46792d2307383859e923d8fcefa82108b1a141f8a9c0198982b3832ab5ef1049", size = 172002, upload-time = "2026-03-16T08:08:03.92Z" }
wheels = [
    { url = "https://files.pythonhosted.org/packages/17/c1/3226e6d7f5a4f736f38ac11a6fbb262d701889802595cdb0f53a885ac2e0/pydantic_extra_types-2.11.1-py3-none-any.whl", hash = "sha256:1722ea2bddae5628ace25f2aa685b69978ef533123e5638cfbddb999e0100ec1", size = 79526, upload-time = "2026-03-16T08:08:02.533Z" },
]

[[package]]
name = "semver"
version = "3.0.4"
source = { registry = "https://pypi.org/simple" }
sdist = { url = "https://files.pythonhosted.org/packages/72/d1/d3159231aec234a59dd7d601e9dd9fe96f3afff15efd33c1070019b26132/semver-3.0.4.tar.gz", hash = "sha256:afc7d8c584a5ed0a11033af086e8af226a9c0b206f313e0301f8dd7b6b589602", size = 269730, upload-time = "2025-01-24T13:19:27.617Z" }
wheels = [
    { url = "https://files.pythonhosted.org/packages/a6/24/4d91e05817e92e3a61c8a21e08fd0f390f5301f1c448b137c57c4bc6e543/semver-3.0.4-py3-none-any.whl", hash = "sha256:9c824d87ba7f7ab4a1890799cec8596f15c1241cb473404ea1cb0c55e4b04746", size = 17912, upload-time = "2025-01-24T13:19:24.949Z" },
]

[[package]]
name = "tierkreis"
version = "2.1.1"
source = { editable = "../../../" }
dependencies = [
    { name = "hugr" },
    { name = "opentelemetry-exporter-otlp-proto-grpc" },
    { name = "opentelemetry-sdk" },
    { name = "pydantic" },
]

[package.metadata]
requires-dist = [
    { name = "hugr" },
    { name = "opentelemetry-exporter-otlp-proto-grpc", specifier = ">=1.44.0" },
    { name = "opentelemetry-sdk", specifier = ">=1.44.0" },
    { name = "psij-python", marker = "extra == 'hpc'", specifier = ">=0.9.11" },
    { name = "pydantic", specifier = "~=2.5" },
    { name = "ruff", marker = "extra == 'stubs'", specifier = ">=0.16.2" },
]
provides-extras = ["stubs", "hpc"]

[package.metadata.requires-dev]
build = [{ name = "build", extras = ["uv"] }]
dev = [
    { name = "guppylang", specifier = ">=0.21.0" },
    { name = "ipykernel", specifier = ">=6.29.5" },
    { name = "pytest" },
    { name = "qnexus" },
]

[[package]]
name = "typing-extensions"
version = "4.13.2"
source = { registry = "https://pypi.org/simple" }
sdist = { url = "https://files.pythonhosted.org/packages/f6/37/23083fcd6e35492953e8d2aaaa68b860eb422b34627b13f2ce3eb6106061/typing_extensions-4.13.2.tar.gz", hash = "sha256:e6c81219bd689f51865d9e372991c540bda33a0379d5573cddb9a3a23f7caaef", size = 106967, upload-time = "2025-04-10T14:19:05.416Z" }
wheels = [
    { url = "https://files.pythonhosted.org/packages/8b/54/b1ae86c0973cc6f0210b53d508ca3641fb6d0c56823f288d108bc7ab3cc8/typing_extensions-4.13.2-py3-none-any.whl", hash = "sha256:a439e7c04b49fec3e5d3e2beaa21755cadbbdc391694e28ccdd36ca4a1408f8c", size = 45806, upload-time = "2025-04-10T14:19:03.967Z" },
]

[[package]]
name = "typing-inspection"
version = "0.4.0"
source = { registry = "https://pypi.org/simple" }
dependencies = [
    { name = "typing-extensions" },
]
sdist = { url = "https://files.pythonhosted.org/packages/82/5c/e6082df02e215b846b4b8c0b887a64d7d08ffaba30605502639d44c06b82/typing_inspection-0.4.0.tar.gz", hash = "sha256:9765c87de36671694a67904bf2c96e395be9c6439bb6c87b5142569dcdd65122", size = 76222, upload-time = "2025-02-25T17:27:59.638Z" }
wheels = [
    { url = "https://files.pythonhosted.org/packages/31/08/aa4fdfb71f7de5176385bd9e90852eaf6b5d622735020ad600f2bab54385/typing_inspection-0.4.0-py3-none-any.whl", hash = "sha256:50e72559fcd2a6367a19f7a7e610e6afcb9fac940c650290eed893d61386832f", size = 14125, upload-time = "2025-02-25T17:27:57.754Z" },
]
